// !$*UTF8*$!
{
	archiveVersion = 1;
	classes = {
	};
	objectVersion = 51;
	objects = {

/* Begin PBXBuildFile section */
		061F3ED82354E57900EF6115 /* OptionsView.swift in Sources */ = {isa = PBXBuildFile; fileRef = 061F3ED72354E57900EF6115 /* OptionsView.swift */; };
		061F3EDA23550A6000EF6115 /* ApplicationExt.swift in Sources */ = {isa = PBXBuildFile; fileRef = 061F3ED923550A6000EF6115 /* ApplicationExt.swift */; };
		061F3EDC235512EA00EF6115 /* ImagePreviewVC.swift in Sources */ = {isa = PBXBuildFile; fileRef = 061F3EDB235512EA00EF6115 /* ImagePreviewVC.swift */; };
		0645FFD8235774BC006B4480 /* LabelExt.swift in Sources */ = {isa = PBXBuildFile; fileRef = 0645FFD7235774BC006B4480 /* LabelExt.swift */; };
		064790BF23535BE0005078B4 /* ConstraintExt.swift in Sources */ = {isa = PBXBuildFile; fileRef = 064790BE23535BE0005078B4 /* ConstraintExt.swift */; };
		064790C223535EFC005078B4 /* SideMenuView.swift in Sources */ = {isa = PBXBuildFile; fileRef = 064790C023535EFC005078B4 /* SideMenuView.swift */; };
		064790C323535EFC005078B4 /* SideMenuView.xib in Resources */ = {isa = PBXBuildFile; fileRef = 064790C123535EFC005078B4 /* SideMenuView.xib */; };
		067591A22352227000DA38FB /* ViewExt.swift in Sources */ = {isa = PBXBuildFile; fileRef = 067591A12352227000DA38FB /* ViewExt.swift */; };
		067591A423523D9100DA38FB /* ColorExt.swift in Sources */ = {isa = PBXBuildFile; fileRef = 067591A323523D9100DA38FB /* ColorExt.swift */; };
		067591A62352413700DA38FB /* LocationManager.swift in Sources */ = {isa = PBXBuildFile; fileRef = 067591A52352413700DA38FB /* LocationManager.swift */; };
		067591A823524CE900DA38FB /* NetworkManager.swift in Sources */ = {isa = PBXBuildFile; fileRef = 067591A723524CE900DA38FB /* NetworkManager.swift */; };
		067591AB23524D4200DA38FB /* URLs.swift in Sources */ = {isa = PBXBuildFile; fileRef = 067591AA23524D4200DA38FB /* URLs.swift */; };
		067591AD23524F2C00DA38FB /* APIResponse.swift in Sources */ = {isa = PBXBuildFile; fileRef = 067591AC23524F2C00DA38FB /* APIResponse.swift */; };
		067591AF23524F7700DA38FB /* CodableExt.swift in Sources */ = {isa = PBXBuildFile; fileRef = 067591AE23524F7700DA38FB /* CodableExt.swift */; };
		067591B12352597600DA38FB /* ResturantVM.swift in Sources */ = {isa = PBXBuildFile; fileRef = 067591B02352597600DA38FB /* ResturantVM.swift */; };
		067591B32352598300DA38FB /* Resturant.swift in Sources */ = {isa = PBXBuildFile; fileRef = 067591B22352598300DA38FB /* Resturant.swift */; };
		067591B523526B7700DA38FB /* AlertMessage.swift in Sources */ = {isa = PBXBuildFile; fileRef = 067591B423526B7700DA38FB /* AlertMessage.swift */; };
		06EE0F9B2350A762003FE355 /* AppDelegate.swift in Sources */ = {isa = PBXBuildFile; fileRef = 06EE0F9A2350A762003FE355 /* AppDelegate.swift */; };
		06EE0F9D2350A762003FE355 /* SceneDelegate.swift in Sources */ = {isa = PBXBuildFile; fileRef = 06EE0F9C2350A762003FE355 /* SceneDelegate.swift */; };
		06EE0F9F2350A762003FE355 /* HomeVC.swift in Sources */ = {isa = PBXBuildFile; fileRef = 06EE0F9E2350A762003FE355 /* HomeVC.swift */; };
		06EE0FA22350A762003FE355 /* Main.storyboard in Resources */ = {isa = PBXBuildFile; fileRef = 06EE0FA02350A762003FE355 /* Main.storyboard */; };
		06EE0FA42350A764003FE355 /* Assets.xcassets in Resources */ = {isa = PBXBuildFile; fileRef = 06EE0FA32350A764003FE355 /* Assets.xcassets */; };
		06EE0FA72350A764003FE355 /* LaunchScreen.storyboard in Resources */ = {isa = PBXBuildFile; fileRef = 06EE0FA52350A764003FE355 /* LaunchScreen.storyboard */; };
		3C97E1D05AA461CCB108318B /* Pods_Aqwas_Task.framework in Frameworks */ = {isa = PBXBuildFile; fileRef = 0C99411DEC1375B9314BE72B /* Pods_Aqwas_Task.framework */; };
/* End PBXBuildFile section */

/* Begin PBXFileReference section */
		061F3ED72354E57900EF6115 /* OptionsView.swift */ = {isa = PBXFileReference; lastKnownFileType = sourcecode.swift; path = OptionsView.swift; sourceTree = "<group>"; };
		061F3ED923550A6000EF6115 /* ApplicationExt.swift */ = {isa = PBXFileReference; lastKnownFileType = sourcecode.swift; path = ApplicationExt.swift; sourceTree = "<group>"; };
		061F3EDB235512EA00EF6115 /* ImagePreviewVC.swift */ = {isa = PBXFileReference; lastKnownFileType = sourcecode.swift; path = ImagePreviewVC.swift; sourceTree = "<group>"; };
		0645FFD7235774BC006B4480 /* LabelExt.swift */ = {isa = PBXFileReference; lastKnownFileType = sourcecode.swift; path = LabelExt.swift; sourceTree = "<group>"; };
		064790BE23535BE0005078B4 /* ConstraintExt.swift */ = {isa = PBXFileReference; lastKnownFileType = sourcecode.swift; path = ConstraintExt.swift; sourceTree = "<group>"; };
		064790C023535EFC005078B4 /* SideMenuView.swift */ = {isa = PBXFileReference; fileEncoding = 4; lastKnownFileType = sourcecode.swift; path = SideMenuView.swift; sourceTree = "<group>"; };
		064790C123535EFC005078B4 /* SideMenuView.xib */ = {isa = PBXFileReference; fileEncoding = 4; lastKnownFileType = file.xib; path = SideMenuView.xib; sourceTree = "<group>"; };
		067591A12352227000DA38FB /* ViewExt.swift */ = {isa = PBXFileReference; fileEncoding = 4; lastKnownFileType = sourcecode.swift; path = ViewExt.swift; sourceTree = "<group>"; };
		067591A323523D9100DA38FB /* ColorExt.swift */ = {isa = PBXFileReference; fileEncoding = 4; lastKnownFileType = sourcecode.swift; path = ColorExt.swift; sourceTree = "<group>"; };
		067591A52352413700DA38FB /* LocationManager.swift */ = {isa = PBXFileReference; fileEncoding = 4; lastKnownFileType = sourcecode.swift; path = LocationManager.swift; sourceTree = "<group>"; };
		067591A723524CE900DA38FB /* NetworkManager.swift */ = {isa = PBXFileReference; lastKnownFileType = sourcecode.swift; path = NetworkManager.swift; sourceTree = "<group>"; };
		067591AA23524D4200DA38FB /* URLs.swift */ = {isa = PBXFileReference; lastKnownFileType = sourcecode.swift; path = URLs.swift; sourceTree = "<group>"; };
		067591AC23524F2C00DA38FB /* APIResponse.swift */ = {isa = PBXFileReference; fileEncoding = 4; lastKnownFileType = sourcecode.swift; path = APIResponse.swift; sourceTree = "<group>"; };
		067591AE23524F7700DA38FB /* CodableExt.swift */ = {isa = PBXFileReference; fileEncoding = 4; lastKnownFileType = sourcecode.swift; path = CodableExt.swift; sourceTree = "<group>"; };
		067591B02352597600DA38FB /* ResturantVM.swift */ = {isa = PBXFileReference; lastKnownFileType = sourcecode.swift; path = ResturantVM.swift; sourceTree = "<group>"; };
		067591B22352598300DA38FB /* Resturant.swift */ = {isa = PBXFileReference; lastKnownFileType = sourcecode.swift; path = Resturant.swift; sourceTree = "<group>"; };
		067591B423526B7700DA38FB /* AlertMessage.swift */ = {isa = PBXFileReference; fileEncoding = 4; lastKnownFileType = sourcecode.swift; path = AlertMessage.swift; sourceTree = "<group>"; };
		06EE0F972350A762003FE355 /* Aqwas Task.app */ = {isa = PBXFileReference; explicitFileType = wrapper.application; includeInIndex = 0; path = "Aqwas Task.app"; sourceTree = BUILT_PRODUCTS_DIR; };
		06EE0F9A2350A762003FE355 /* AppDelegate.swift */ = {isa = PBXFileReference; lastKnownFileType = sourcecode.swift; path = AppDelegate.swift; sourceTree = "<group>"; };
		06EE0F9C2350A762003FE355 /* SceneDelegate.swift */ = {isa = PBXFileReference; lastKnownFileType = sourcecode.swift; path = SceneDelegate.swift; sourceTree = "<group>"; };
		06EE0F9E2350A762003FE355 /* HomeVC.swift */ = {isa = PBXFileReference; lastKnownFileType = sourcecode.swift; path = HomeVC.swift; sourceTree = "<group>"; };
		06EE0FA12350A762003FE355 /* Base */ = {isa = PBXFileReference; lastKnownFileType = file.storyboard; name = Base; path = Base.lproj/Main.storyboard; sourceTree = "<group>"; };
		06EE0FA32350A764003FE355 /* Assets.xcassets */ = {isa = PBXFileReference; lastKnownFileType = folder.assetcatalog; path = Assets.xcassets; sourceTree = "<group>"; };
		06EE0FA62350A764003FE355 /* Base */ = {isa = PBXFileReference; lastKnownFileType = file.storyboard; name = Base; path = Base.lproj/LaunchScreen.storyboard; sourceTree = "<group>"; };
		06EE0FA82350A764003FE355 /* Info.plist */ = {isa = PBXFileReference; lastKnownFileType = text.plist.xml; path = Info.plist; sourceTree = "<group>"; };
		0C99411DEC1375B9314BE72B /* Pods_Aqwas_Task.framework */ = {isa = PBXFileReference; explicitFileType = wrapper.framework; includeInIndex = 0; path = Pods_Aqwas_Task.framework; sourceTree = BUILT_PRODUCTS_DIR; };
		A7A7105A69D25FFA35CC2795 /* Pods-Aqwas Task.release.xcconfig */ = {isa = PBXFileReference; includeInIndex = 1; lastKnownFileType = text.xcconfig; name = "Pods-Aqwas Task.release.xcconfig"; path = "Target Support Files/Pods-Aqwas Task/Pods-Aqwas Task.release.xcconfig"; sourceTree = "<group>"; };
		D43582C02311521814E74414 /* Pods-Aqwas Task.debug.xcconfig */ = {isa = PBXFileReference; includeInIndex = 1; lastKnownFileType = text.xcconfig; name = "Pods-Aqwas Task.debug.xcconfig"; path = "Target Support Files/Pods-Aqwas Task/Pods-Aqwas Task.debug.xcconfig"; sourceTree = "<group>"; };
/* End PBXFileReference section */

/* Begin PBXFrameworksBuildPhase section */
		06EE0F942350A762003FE355 /* Frameworks */ = {
			isa = PBXFrameworksBuildPhase;
			buildActionMask = 2147483647;
			files = (
				3C97E1D05AA461CCB108318B /* Pods_Aqwas_Task.framework in Frameworks */,
			);
			runOnlyForDeploymentPostprocessing = 0;
		};
/* End PBXFrameworksBuildPhase section */

/* Begin PBXGroup section */
		061F3ED62354E53D00EF6115 /* Side Menu */ = {
			isa = PBXGroup;
			children = (
				064790C023535EFC005078B4 /* SideMenuView.swift */,
				064790C123535EFC005078B4 /* SideMenuView.xib */,
			);
			path = "Side Menu";
			sourceTree = "<group>";
		};
		067591A923524D2B00DA38FB /* Network */ = {
			isa = PBXGroup;
			children = (
				067591AC23524F2C00DA38FB /* APIResponse.swift */,
				067591AA23524D4200DA38FB /* URLs.swift */,
				067591A723524CE900DA38FB /* NetworkManager.swift */,
			);
			path = Network;
			sourceTree = "<group>";
		};
		06EE0F8E2350A762003FE355 = {
			isa = PBXGroup;
			children = (
				06EE0F992350A762003FE355 /* Aqwas Task */,
				06EE0F982350A762003FE355 /* Products */,
				986AD17EFC0185000EE4AFAC /* Pods */,
				635A9C441417AB8E3EBDCAEF /* Frameworks */,
			);
			sourceTree = "<group>";
		};
		06EE0F982350A762003FE355 /* Products */ = {
			isa = PBXGroup;
			children = (
				06EE0F972350A762003FE355 /* Aqwas Task.app */,
			);
			name = Products;
			sourceTree = "<group>";
		};
		06EE0F992350A762003FE355 /* Aqwas Task */ = {
			isa = PBXGroup;
			children = (
				06EE0FB32350A9D3003FE355 /* Extensions */,
				06EE0FB22350A9CD003FE355 /* Resources */,
				06EE0FB12350A9C7003FE355 /* Models */,
				06EE0FB02350A9C0003FE355 /* ViewModels */,
				06EE0FAF2350A9BB003FE355 /* Views */,
				06EE0FAE2350A9B1003FE355 /* Controllers */,
				06EE0F9A2350A762003FE355 /* AppDelegate.swift */,
				06EE0F9C2350A762003FE355 /* SceneDelegate.swift */,
				06EE0FA02350A762003FE355 /* Main.storyboard */,
				06EE0FA32350A764003FE355 /* Assets.xcassets */,
				06EE0FA52350A764003FE355 /* LaunchScreen.storyboard */,
				06EE0FA82350A764003FE355 /* Info.plist */,
			);
			path = "Aqwas Task";
			sourceTree = "<group>";
		};
		06EE0FAE2350A9B1003FE355 /* Controllers */ = {
			isa = PBXGroup;
			children = (
				067591A923524D2B00DA38FB /* Network */,
				067591A52352413700DA38FB /* LocationManager.swift */,
			);
			path = Controllers;
			sourceTree = "<group>";
		};
		06EE0FAF2350A9BB003FE355 /* Views */ = {
			isa = PBXGroup;
			children = (
				061F3ED62354E53D00EF6115 /* Side Menu */,
				06EE0F9E2350A762003FE355 /* HomeVC.swift */,
				061F3ED72354E57900EF6115 /* OptionsView.swift */,
				061F3EDB235512EA00EF6115 /* ImagePreviewVC.swift */,
			);
			path = Views;
			sourceTree = "<group>";
		};
		06EE0FB02350A9C0003FE355 /* ViewModels */ = {
			isa = PBXGroup;
			children = (
				067591B02352597600DA38FB /* ResturantVM.swift */,
			);
			path = ViewModels;
			sourceTree = "<group>";
		};
		06EE0FB12350A9C7003FE355 /* Models */ = {
			isa = PBXGroup;
			children = (
				067591B22352598300DA38FB /* Resturant.swift */,
			);
			path = Models;
			sourceTree = "<group>";
		};
		06EE0FB22350A9CD003FE355 /* Resources */ = {
			isa = PBXGroup;
			children = (
			);
			path = Resources;
			sourceTree = "<group>";
		};
		06EE0FB32350A9D3003FE355 /* Extensions */ = {
			isa = PBXGroup;
			children = (
				067591A12352227000DA38FB /* ViewExt.swift */,
				067591A323523D9100DA38FB /* ColorExt.swift */,
				067591AE23524F7700DA38FB /* CodableExt.swift */,
				067591B423526B7700DA38FB /* AlertMessage.swift */,
				064790BE23535BE0005078B4 /* ConstraintExt.swift */,
				061F3ED923550A6000EF6115 /* ApplicationExt.swift */,
				0645FFD7235774BC006B4480 /* LabelExt.swift */,
			);
			path = Extensions;
			sourceTree = "<group>";
		};
		635A9C441417AB8E3EBDCAEF /* Frameworks */ = {
			isa = PBXGroup;
			children = (
				0C99411DEC1375B9314BE72B /* Pods_Aqwas_Task.framework */,
			);
			name = Frameworks;
			sourceTree = "<group>";
		};
		986AD17EFC0185000EE4AFAC /* Pods */ = {
			isa = PBXGroup;
			children = (
				D43582C02311521814E74414 /* Pods-Aqwas Task.debug.xcconfig */,
				A7A7105A69D25FFA35CC2795 /* Pods-Aqwas Task.release.xcconfig */,
			);
			path = Pods;
			sourceTree = "<group>";
		};
/* End PBXGroup section */

/* Begin PBXNativeTarget section */
		06EE0F962350A762003FE355 /* Aqwas Task */ = {
			isa = PBXNativeTarget;
			buildConfigurationList = 06EE0FAB2350A764003FE355 /* Build configuration list for PBXNativeTarget "Aqwas Task" */;
			buildPhases = (
				23664FB06242B2CAF50DA96E /* [CP] Check Pods Manifest.lock */,
				06EE0F932350A762003FE355 /* Sources */,
				06EE0F942350A762003FE355 /* Frameworks */,
				06EE0F952350A762003FE355 /* Resources */,
				5708E6429E4C4F2EF0040003 /* [CP] Embed Pods Frameworks */,
			);
			buildRules = (
			);
			dependencies = (
			);
			name = "Aqwas Task";
			productName = "Aqwas Task";
			productReference = 06EE0F972350A762003FE355 /* Aqwas Task.app */;
			productType = "com.apple.product-type.application";
		};
/* End PBXNativeTarget section */

/* Begin PBXProject section */
		06EE0F8F2350A762003FE355 /* Project object */ = {
			isa = PBXProject;
			attributes = {
				LastSwiftUpdateCheck = 1100;
				LastUpgradeCheck = 1100;
				ORGANIZATIONNAME = Mostafa;
				TargetAttributes = {
					06EE0F962350A762003FE355 = {
						CreatedOnToolsVersion = 11.0;
					};
				};
			};
			buildConfigurationList = 06EE0F922350A762003FE355 /* Build configuration list for PBXProject "Aqwas Task" */;
			compatibilityVersion = "Xcode 9.3";
			developmentRegion = en;
			hasScannedForEncodings = 0;
			knownRegions = (
				en,
				Base,
			);
			mainGroup = 06EE0F8E2350A762003FE355;
			productRefGroup = 06EE0F982350A762003FE355 /* Products */;
			projectDirPath = "";
			projectRoot = "";
			targets = (
				06EE0F962350A762003FE355 /* Aqwas Task */,
			);
		};
/* End PBXProject section */

/* Begin PBXResourcesBuildPhase section */
		06EE0F952350A762003FE355 /* Resources */ = {
			isa = PBXResourcesBuildPhase;
			buildActionMask = 2147483647;
			files = (
				06EE0FA72350A764003FE355 /* LaunchScreen.storyboard in Resources */,
				06EE0FA42350A764003FE355 /* Assets.xcassets in Resources */,
				064790C323535EFC005078B4 /* SideMenuView.xib in Resources */,
				06EE0FA22350A762003FE355 /* Main.storyboard in Resources */,
			);
			runOnlyForDeploymentPostprocessing = 0;
		};
/* End PBXResourcesBuildPhase section */

/* Begin PBXShellScriptBuildPhase section */
		23664FB06242B2CAF50DA96E /* [CP] Check Pods Manifest.lock */ = {
			isa = PBXShellScriptBuildPhase;
			buildActionMask = 2147483647;
			files = (
			);
			inputFileListPaths = (
			);
			inputPaths = (
				"${PODS_PODFILE_DIR_PATH}/Podfile.lock",
				"${PODS_ROOT}/Manifest.lock",
			);
			name = "[CP] Check Pods Manifest.lock";
			outputFileListPaths = (
			);
			outputPaths = (
				"$(DERIVED_FILE_DIR)/Pods-Aqwas Task-checkManifestLockResult.txt",
			);
			runOnlyForDeploymentPostprocessing = 0;
			shellPath = /bin/sh;
			shellScript = "diff \"${PODS_PODFILE_DIR_PATH}/Podfile.lock\" \"${PODS_ROOT}/Manifest.lock\" > /dev/null\nif [ $? != 0 ] ; then\n    # print error to STDERR\n    echo \"error: The sandbox is not in sync with the Podfile.lock. Run 'pod install' or update your CocoaPods installation.\" >&2\n    exit 1\nfi\n# This output is used by Xcode 'outputs' to avoid re-running this script phase.\necho \"SUCCESS\" > \"${SCRIPT_OUTPUT_FILE_0}\"\n";
			showEnvVarsInLog = 0;
		};
		5708E6429E4C4F2EF0040003 /* [CP] Embed Pods Frameworks */ = {
			isa = PBXShellScriptBuildPhase;
			buildActionMask = 2147483647;
			files = (
			);
			inputFileListPaths = (
				"${PODS_ROOT}/Target Support Files/Pods-Aqwas Task/Pods-Aqwas Task-frameworks-${CONFIGURATION}-input-files.xcfilelist",
			);
			name = "[CP] Embed Pods Frameworks";
			outputFileListPaths = (
				"${PODS_ROOT}/Target Support Files/Pods-Aqwas Task/Pods-Aqwas Task-frameworks-${CONFIGURATION}-output-files.xcfilelist",
			);
			runOnlyForDeploymentPostprocessing = 0;
			shellPath = /bin/sh;
			shellScript = "\"${PODS_ROOT}/Target Support Files/Pods-Aqwas Task/Pods-Aqwas Task-frameworks.sh\"\n";
			showEnvVarsInLog = 0;
		};
/* End PBXShellScriptBuildPhase section */

/* Begin PBXSourcesBuildPhase section */
		06EE0F932350A762003FE355 /* Sources */ = {
			isa = PBXSourcesBuildPhase;
			buildActionMask = 2147483647;
			files = (
				067591A22352227000DA38FB /* ViewExt.swift in Sources */,
				067591A423523D9100DA38FB /* ColorExt.swift in Sources */,
				064790C223535EFC005078B4 /* SideMenuView.swift in Sources */,
				067591B32352598300DA38FB /* Resturant.swift in Sources */,
				067591A62352413700DA38FB /* LocationManager.swift in Sources */,
				067591AB23524D4200DA38FB /* URLs.swift in Sources */,
				067591AF23524F7700DA38FB /* CodableExt.swift in Sources */,
				061F3EDA23550A6000EF6115 /* ApplicationExt.swift in Sources */,
				067591A823524CE900DA38FB /* NetworkManager.swift in Sources */,
				061F3EDC235512EA00EF6115 /* ImagePreviewVC.swift in Sources */,
				06EE0F9F2350A762003FE355 /* HomeVC.swift in Sources */,
				06EE0F9B2350A762003FE355 /* AppDelegate.swift in Sources */,
				067591B12352597600DA38FB /* ResturantVM.swift in Sources */,
				06EE0F9D2350A762003FE355 /* SceneDelegate.swift in Sources */,
				064790BF23535BE0005078B4 /* ConstraintExt.swift in Sources */,
				061F3ED82354E57900EF6115 /* OptionsView.swift in Sources */,
				0645FFD8235774BC006B4480 /* LabelExt.swift in Sources */,
				067591AD23524F2C00DA38FB /* APIResponse.swift in Sources */,
				067591B523526B7700DA38FB /* AlertMessage.swift in Sources */,
			);
			runOnlyForDeploymentPostprocessing = 0;
		};
/* End PBXSourcesBuildPhase section */

/* Begin PBXVariantGroup section */
		06EE0FA02350A762003FE355 /* Main.storyboard */ = {
			isa = PBXVariantGroup;
			children = (
				06EE0FA12350A762003FE355 /* Base */,
			);
			name = Main.storyboard;
			sourceTree = "<group>";
		};
		06EE0FA52350A764003FE355 /* LaunchScreen.storyboard */ = {
			isa = PBXVariantGroup;
			children = (
				06EE0FA62350A764003FE355 /* Base */,
			);
			name = LaunchScreen.storyboard;
			sourceTree = "<group>";
		};
/* End PBXVariantGroup section */

/* Begin XCBuildConfiguration section */
		06EE0FA92350A764003FE355 /* Debug */ = {
			isa = XCBuildConfiguration;
			buildSettings = {
				ALWAYS_SEARCH_USER_PATHS = NO;
				CLANG_ANALYZER_NONNULL = YES;
				CLANG_ANALYZER_NUMBER_OBJECT_CONVERSION = YES_AGGRESSIVE;
				CLANG_CXX_LANGUAGE_STANDARD = "gnu++14";
				CLANG_CXX_LIBRARY = "libc++";
				CLANG_ENABLE_MODULES = YES;
				CLANG_ENABLE_OBJC_ARC = YES;
				CLANG_ENABLE_OBJC_WEAK = YES;
				CLANG_WARN_BLOCK_CAPTURE_AUTORELEASING = YES;
				CLANG_WARN_BOOL_CONVERSION = YES;
				CLANG_WARN_COMMA = YES;
				CLANG_WARN_CONSTANT_CONVERSION = YES;
				CLANG_WARN_DEPRECATED_OBJC_IMPLEMENTATIONS = YES;
				CLANG_WARN_DIRECT_OBJC_ISA_USAGE = YES_ERROR;
				CLANG_WARN_DOCUMENTATION_COMMENTS = YES;
				CLANG_WARN_EMPTY_BODY = YES;
				CLANG_WARN_ENUM_CONVERSION = YES;
				CLANG_WARN_INFINITE_RECURSION = YES;
				CLANG_WARN_INT_CONVERSION = YES;
				CLANG_WARN_NON_LITERAL_NULL_CONVERSION = YES;
				CLANG_WARN_OBJC_IMPLICIT_RETAIN_SELF = YES;
				CLANG_WARN_OBJC_LITERAL_CONVERSION = YES;
				CLANG_WARN_OBJC_ROOT_CLASS = YES_ERROR;
				CLANG_WARN_RANGE_LOOP_ANALYSIS = YES;
				CLANG_WARN_STRICT_PROTOTYPES = YES;
				CLANG_WARN_SUSPICIOUS_MOVE = YES;
				CLANG_WARN_UNGUARDED_AVAILABILITY = YES_AGGRESSIVE;
				CLANG_WARN_UNREACHABLE_CODE = YES;
				CLANG_WARN__DUPLICATE_METHOD_MATCH = YES;
				COPY_PHASE_STRIP = NO;
				DEBUG_INFORMATION_FORMAT = dwarf;
				ENABLE_STRICT_OBJC_MSGSEND = YES;
				ENABLE_TESTABILITY = YES;
				GCC_C_LANGUAGE_STANDARD = gnu11;
				GCC_DYNAMIC_NO_PIC = NO;
				GCC_NO_COMMON_BLOCKS = YES;
				GCC_OPTIMIZATION_LEVEL = 0;
				GCC_PREPROCESSOR_DEFINITIONS = (
					"DEBUG=1",
					"$(inherited)",
				);
				GCC_WARN_64_TO_32_BIT_CONVERSION = YES;
				GCC_WARN_ABOUT_RETURN_TYPE = YES_ERROR;
				GCC_WARN_UNDECLARED_SELECTOR = YES;
				GCC_WARN_UNINITIALIZED_AUTOS = YES_AGGRESSIVE;
				GCC_WARN_UNUSED_FUNCTION = YES;
				GCC_WARN_UNUSED_VARIABLE = YES;
				IPHONEOS_DEPLOYMENT_TARGET = 13.0;
				MTL_ENABLE_DEBUG_INFO = INCLUDE_SOURCE;
				MTL_FAST_MATH = YES;
				ONLY_ACTIVE_ARCH = YES;
				SDKROOT = iphoneos;
				SWIFT_ACTIVE_COMPILATION_CONDITIONS = DEBUG;
				SWIFT_OPTIMIZATION_LEVEL = "-Onone";
			};
			name = Debug;
		};
		06EE0FAA2350A764003FE355 /* Release */ = {
			isa = XCBuildConfiguration;
			buildSettings = {
				ALWAYS_SEARCH_USER_PATHS = NO;
				CLANG_ANALYZER_NONNULL = YES;
				CLANG_ANALYZER_NUMBER_OBJECT_CONVERSION = YES_AGGRESSIVE;
				CLANG_CXX_LANGUAGE_STANDARD = "gnu++14";
				CLANG_CXX_LIBRARY = "libc++";
				CLANG_ENABLE_MODULES = YES;
				CLANG_ENABLE_OBJC_ARC = YES;
				CLANG_ENABLE_OBJC_WEAK = YES;
				CLANG_WARN_BLOCK_CAPTURE_AUTORELEASING = YES;
				CLANG_WARN_BOOL_CONVERSION = YES;
				CLANG_WARN_COMMA = YES;
				CLANG_WARN_CONSTANT_CONVERSION = YES;
				CLANG_WARN_DEPRECATED_OBJC_IMPLEMENTATIONS = YES;
				CLANG_WARN_DIRECT_OBJC_ISA_USAGE = YES_ERROR;
				CLANG_WARN_DOCUMENTATION_COMMENTS = YES;
				CLANG_WARN_EMPTY_BODY = YES;
				CLANG_WARN_ENUM_CONVERSION = YES;
				CLANG_WARN_INFINITE_RECURSION = YES;
				CLANG_WARN_INT_CONVERSION = YES;
				CLANG_WARN_NON_LITERAL_NULL_CONVERSION = YES;
				CLANG_WARN_OBJC_IMPLICIT_RETAIN_SELF = YES;
				CLANG_WARN_OBJC_LITERAL_CONVERSION = YES;
				CLANG_WARN_OBJC_ROOT_CLASS = YES_ERROR;
				CLANG_WARN_RANGE_LOOP_ANALYSIS = YES;
				CLANG_WARN_STRICT_PROTOTYPES = YES;
				CLANG_WARN_SUSPICIOUS_MOVE = YES;
				CLANG_WARN_UNGUARDED_AVAILABILITY = YES_AGGRESSIVE;
				CLANG_WARN_UNREACHABLE_CODE = YES;
				CLANG_WARN__DUPLICATE_METHOD_MATCH = YES;
				COPY_PHASE_STRIP = NO;
				DEBUG_INFORMATION_FORMAT = "dwarf-with-dsym";
				ENABLE_NS_ASSERTIONS = NO;
				ENABLE_STRICT_OBJC_MSGSEND = YES;
				GCC_C_LANGUAGE_STANDARD = gnu11;
				GCC_NO_COMMON_BLOCKS = YES;
				GCC_WARN_64_TO_32_BIT_CONVERSION = YES;
				GCC_WARN_ABOUT_RETURN_TYPE = YES_ERROR;
				GCC_WARN_UNDECLARED_SELECTOR = YES;
				GCC_WARN_UNINITIALIZED_AUTOS = YES_AGGRESSIVE;
				GCC_WARN_UNUSED_FUNCTION = YES;
				GCC_WARN_UNUSED_VARIABLE = YES;
				IPHONEOS_DEPLOYMENT_TARGET = 13.0;
				MTL_ENABLE_DEBUG_INFO = NO;
				MTL_FAST_MATH = YES;
				SDKROOT = iphoneos;
				SWIFT_COMPILATION_MODE = wholemodule;
				SWIFT_OPTIMIZATION_LEVEL = "-O";
				VALIDATE_PRODUCT = YES;
			};
			name = Release;
		};
		06EE0FAC2350A764003FE355 /* Debug */ = {
			isa = XCBuildConfiguration;
			baseConfigurationReference = D43582C02311521814E74414 /* Pods-Aqwas Task.debug.xcconfig */;
			buildSettings = {
				ASSETCATALOG_COMPILER_APPICON_NAME = AppIcon;
				CODE_SIGN_STYLE = Automatic;
				DEVELOPMENT_TEAM = 5C5657XP2G;
				INFOPLIST_FILE = "Aqwas Task/Info.plist";
				LD_RUNPATH_SEARCH_PATHS = (
					"$(inherited)",
					"@executable_path/Frameworks",
				);
				PRODUCT_BUNDLE_IDENTIFIER = "com.mostafa..Aqwas-Task";
				PRODUCT_NAME = "$(TARGET_NAME)";
				SWIFT_VERSION = 5.0;
				TARGETED_DEVICE_FAMILY = "1,2";
			};
			name = Debug;
		};
		06EE0FAD2350A764003FE355 /* Release */ = {
			isa = XCBuildConfiguration;
			baseConfigurationReference = A7A7105A69D25FFA35CC2795 /* Pods-Aqwas Task.release.xcconfig */;
			buildSettings = {
				ASSETCATALOG_COMPILER_APPICON_NAME = AppIcon;
				CODE_SIGN_STYLE = Automatic;
				DEVELOPMENT_TEAM = 5C5657XP2G;
				INFOPLIST_FILE = "Aqwas Task/Info.plist";
				LD_RUNPATH_SEARCH_PATHS = (
					"$(inherited)",
					"@executable_path/Frameworks",
				);
				PRODUCT_BUNDLE_IDENTIFIER = "com.mostafa..Aqwas-Task";
				PRODUCT_NAME = "$(TARGET_NAME)";
				SWIFT_VERSION = 5.0;
				TARGETED_DEVICE_FAMILY = "1,2";
			};
			name = Release;
		};
/* End XCBuildConfiguration section */

/* Begin XCConfigurationList section */
		06EE0F922350A762003FE355 /* Build configuration list for PBXProject "Aqwas Task" */ = {
			isa = XCConfigurationList;
			buildConfigurations = (
				06EE0FA92350A764003FE355 /* Debug */,
				06EE0FAA2350A764003FE355 /* Release */,
			);
			defaultConfigurationIsVisible = 0;
			defaultConfigurationName = Release;
		};
		06EE0FAB2350A764003FE355 /* Build configuration list for PBXNativeTarget "Aqwas Task" */ = {
			isa = XCConfigurationList;
			buildConfigurations = (
				06EE0FAC2350A764003FE355 /* Debug */,
				06EE0FAD2350A764003FE355 /* Release */,
			);
			defaultConfigurationIsVisible = 0;
			defaultConfigurationName = Release;
		};
/* End XCConfigurationList section */
	};
	rootObject = 06EE0F8F2350A762003FE355 /* Project object */;
}
